
Microsoft Visual Studio Solution File, Format Version 12.00
# Visual Studio 15
VisualStudioVersion = 15.0.27428.2043
MinimumVisualStudioVersion = 10.0.40219.1
Project("{FAE04EC0-301F-11D3-BF4B-00C04F79EFBC}") = "TaskManager.WebApi", "TaskManager.WebApi\TaskManager.WebApi.csproj", "{4ED54743-6A83-45FD-8C83-FCD71C587AD7}"
EndProject
Project("{FAE04EC0-301F-11D3-BF4B-00C04F79EFBC}") = "TaskManager.Core", "TaskManager.Core\TaskManager.Core.csproj", "{0939C197-8A01-4F8D-9D5E-80079327562E}"
EndProject
Project("{FAE04EC0-301F-11D3-BF4B-00C04F79EFBC}") = "TaskManager.Model", "TaskManager.Model\TaskManager.Model.csproj", "{80B276A8-8B19-430B-BA08-B16763B446B1}"
EndProject
Project("{FAE04EC0-301F-11D3-BF4B-00C04F79EFBC}") = "TaskManager.DbConnection", "TaskManager.DbConnection\TaskManager.DbConnection.csproj", "{834F3872-BC9F-4541-A6F0-D289F3A143A4}"
EndProject
Project("{FAE04EC0-301F-11D3-BF4B-00C04F79EFBC}") = "TaskManager.Data", "TaskManager.Data\TaskManager.Data.csproj", "{F63A2721-A11D-4E17-A825-83848C812727}"
EndProject
Global
	GlobalSection(SolutionConfigurationPlatforms) = preSolution
		Debug|Any CPU = Debug|Any CPU
		Release|Any CPU = Release|Any CPU
	EndGlobalSection
	GlobalSection(ProjectConfigurationPlatforms) = postSolution
		{4ED54743-6A83-45FD-8C83-FCD71C587AD7}.Debug|Any CPU.ActiveCfg = Debug|Any CPU
		{4ED54743-6A83-45FD-8C83-FCD71C587AD7}.Debug|Any CPU.Build.0 = Debug|Any CPU
		{4ED54743-6A83-45FD-8C83-FCD71C587AD7}.Release|Any CPU.ActiveCfg = Release|Any CPU
		{4ED54743-6A83-45FD-8C83-FCD71C587AD7}.Release|Any CPU.Build.0 = Release|Any CPU
		{0939C197-8A01-4F8D-9D5E-80079327562E}.Debug|Any CPU.ActiveCfg = Debug|Any CPU
		{0939C197-8A01-4F8D-9D5E-80079327562E}.Debug|Any CPU.Build.0 = Debug|Any CPU
		{0939C197-8A01-4F8D-9D5E-80079327562E}.Release|Any CPU.ActiveCfg = Release|Any CPU
		{0939C197-8A01-4F8D-9D5E-80079327562E}.Release|Any CPU.Build.0 = Release|Any CPU
		{80B276A8-8B19-430B-BA08-B16763B446B1}.Debug|Any CPU.ActiveCfg = Debug|Any CPU
		{80B276A8-8B19-430B-BA08-B16763B446B1}.Debug|Any CPU.Build.0 = Debug|Any CPU
		{80B276A8-8B19-430B-BA08-B16763B446B1}.Release|Any CPU.ActiveCfg = Release|Any CPU
		{80B276A8-8B19-430B-BA08-B16763B446B1}.Release|Any CPU.Build.0 = Release|Any CPU
		{834F3872-BC9F-4541-A6F0-D289F3A143A4}.Debug|Any CPU.ActiveCfg = Debug|Any CPU
		{834F3872-BC9F-4541-A6F0-D289F3A143A4}.Debug|Any CPU.Build.0 = Debug|Any CPU
		{834F3872-BC9F-4541-A6F0-D289F3A143A4}.Release|Any CPU.ActiveCfg = Release|Any CPU
		{834F3872-BC9F-4541-A6F0-D289F3A143A4}.Release|Any CPU.Build.0 = Release|Any CPU
		{F63A2721-A11D-4E17-A825-83848C812727}.Debug|Any CPU.ActiveCfg = Debug|Any CPU
		{F63A2721-A11D-4E17-A825-83848C812727}.Debug|Any CPU.Build.0 = Debug|Any CPU
		{F63A2721-A11D-4E17-A825-83848C812727}.Release|Any CPU.ActiveCfg = Release|Any CPU
		{F63A2721-A11D-4E17-A825-83848C812727}.Release|Any CPU.Build.0 = Release|Any CPU
	EndGlobalSection
	GlobalSection(SolutionProperties) = preSolution
		HideSolutionNode = FALSE
	EndGlobalSection
	GlobalSection(ExtensibilityGlobals) = postSolution
		SolutionGuid = {A0BCF9DE-B1F3-48E5-AB19-4625D3CCCFBB}
	EndGlobalSection
EndGlobal
