
Microsoft Visual Studio Solution File, Format Version 12.00
# Visual Studio 15
VisualStudioVersion = 15.0.27428.2043
MinimumVisualStudioVersion = 10.0.40219.1
Project("{9A19103F-16F7-4668-BE54-9A1E7A4F7556}") = "TaskManager.WebApi", "TaskManager.WebApi\TaskManager.WebApi.csproj", "{4ED54743-6A83-45FD-8C83-FCD71C587AD7}"
EndProject
Project("{9A19103F-16F7-4668-BE54-9A1E7A4F7556}") = "TaskManager.Core", "TaskManager.Core\TaskManager.Core.csproj", "{0939C197-8A01-4F8D-9D5E-80079327562E}"
EndProject
Project("{9A19103F-16F7-4668-BE54-9A1E7A4F7556}") = "TaskManager.DbConnection", "TaskManager.DbConnection\TaskManager.DbConnection.csproj", "{834F3872-BC9F-4541-A6F0-D289F3A143A4}"
EndProject
Project("{9A19103F-16F7-4668-BE54-9A1E7A4F7556}") = "TaskManager.Data", "TaskManager.Data\TaskManager.Data.csproj", "{F63A2721-A11D-4E17-A825-83848C812727}"
EndProject
Project("{2150E333-8FDC-42A3-9474-1A3956D46DE8}") = "TaskManager.Common", "TaskManager.Common", "{A4F8DA7E-F5EB-4384-BB0D-99F2ED4FB79A}"
EndProject
Project("{9A19103F-16F7-4668-BE54-9A1E7A4F7556}") = "TaskManager.Common.Resources", "TaskManager.Common.Resources\TaskManager.Common.Resources.csproj", "{F953E910-A362-4414-A130-2B8D5F33B9F2}"
EndProject
Project("{2150E333-8FDC-42A3-9474-1A3956D46DE8}") = "TaskManager.Tests", "TaskManager.Tests", "{CF8FF7F8-FBF9-4BCE-B157-28EE6E855C33}"
EndProject
Project("{9A19103F-16F7-4668-BE54-9A1E7A4F7556}") = "TaskManager.Tests.Unit", "TaskManager.Tests.Unit\TaskManager.Tests.Unit.csproj", "{DF9D00DD-4598-4EF0-8C18-7925F5B405EF}"
EndProject
Project("{9A19103F-16F7-4668-BE54-9A1E7A4F7556}") = "TaskManager.MessagingService", "TaskManager.MessagingService\TaskManager.MessagingService.csproj", "{5ACD06AD-99B0-4296-B46C-A503A7D20B38}"
EndProject
Project("{9A19103F-16F7-4668-BE54-9A1E7A4F7556}") = "TaskManager.ServiceBus", "TaskManager.ServiceBus\TaskManager.ServiceBus.csproj", "{BC715178-5C5F-4023-90D0-734132D5BE1E}"
EndProject
Project("{9A19103F-16F7-4668-BE54-9A1E7A4F7556}") = "TaskManager.Common.AspNetCore", "TaskManager.Common.AspNetCore\TaskManager.Common.AspNetCore.csproj", "{4B55EDB8-DC33-4F81-85CB-8FD6ECC7FFA5}"
EndProject
Project("{9A19103F-16F7-4668-BE54-9A1E7A4F7556}") = "TaskManager.Tests.Unit.MessagingService", "TaskManager.Tests.Unit.MessagingService\TaskManager.Tests.Unit.MessagingService.csproj", "{C4AFA8C1-AE62-440F-8535-E5C0C8A6098B}"
EndProject
Project("{9A19103F-16F7-4668-BE54-9A1E7A4F7556}") = "TaskManager.Common.DbConnection", "TaskManager.Common.DbConnection\TaskManager.Common.DbConnection.csproj", "{091572E3-209F-4DA6-BDE8-2D3F4B648E8F}"
EndProject
Project("{9A19103F-16F7-4668-BE54-9A1E7A4F7556}") = "TaskManager.Common.Data", "TaskManager.Common.Data\TaskManager.Common.Data.csproj", "{AAF8CE61-BCB8-4B4E-ABBA-16A672968243}"
EndProject
Project("{2150E333-8FDC-42A3-9474-1A3956D46DE8}") = "TaskManager.AuthService", "TaskManager.AuthService", "{BA527DC2-5B0F-4502-BCA3-55EF9B17E0C9}"
EndProject
Project("{FAE04EC0-301F-11D3-BF4B-00C04F79EFBC}") = "TaskManager.AuthService.DbConnection", "TaskManager.AuthService.DbConnection\TaskManager.AuthService.DbConnection.csproj", "{3EB31442-1F83-46E9-9723-2289F549C172}"
EndProject
Project("{FAE04EC0-301F-11D3-BF4B-00C04F79EFBC}") = "TaskManager.AuthService.Data", "TaskManager.AuthService.Data\TaskManager.AuthService.Data.csproj", "{F72687E5-2856-40FB-B90E-407BB580DEC8}"
EndProject
Project("{FAE04EC0-301F-11D3-BF4B-00C04F79EFBC}") = "TaskManager.AuthService.WebApi", "TaskManager.AuthService.WebApi\TaskManager.AuthService.WebApi.csproj", "{E80E007D-A597-4632-8CA4-5D90D20FAC99}"
EndProject
Global
	GlobalSection(SolutionConfigurationPlatforms) = preSolution
		Debug|Any CPU = Debug|Any CPU
		Release|Any CPU = Release|Any CPU
	EndGlobalSection
	GlobalSection(ProjectConfigurationPlatforms) = postSolution
		{4ED54743-6A83-45FD-8C83-FCD71C587AD7}.Debug|Any CPU.ActiveCfg = Debug|Any CPU
		{4ED54743-6A83-45FD-8C83-FCD71C587AD7}.Debug|Any CPU.Build.0 = Debug|Any CPU
		{4ED54743-6A83-45FD-8C83-FCD71C587AD7}.Release|Any CPU.ActiveCfg = Release|Any CPU
		{4ED54743-6A83-45FD-8C83-FCD71C587AD7}.Release|Any CPU.Build.0 = Release|Any CPU
		{0939C197-8A01-4F8D-9D5E-80079327562E}.Debug|Any CPU.ActiveCfg = Debug|Any CPU
		{0939C197-8A01-4F8D-9D5E-80079327562E}.Debug|Any CPU.Build.0 = Debug|Any CPU
		{0939C197-8A01-4F8D-9D5E-80079327562E}.Release|Any CPU.ActiveCfg = Release|Any CPU
		{0939C197-8A01-4F8D-9D5E-80079327562E}.Release|Any CPU.Build.0 = Release|Any CPU
		{834F3872-BC9F-4541-A6F0-D289F3A143A4}.Debug|Any CPU.ActiveCfg = Debug|Any CPU
		{834F3872-BC9F-4541-A6F0-D289F3A143A4}.Debug|Any CPU.Build.0 = Debug|Any CPU
		{834F3872-BC9F-4541-A6F0-D289F3A143A4}.Release|Any CPU.ActiveCfg = Release|Any CPU
		{834F3872-BC9F-4541-A6F0-D289F3A143A4}.Release|Any CPU.Build.0 = Release|Any CPU
		{F63A2721-A11D-4E17-A825-83848C812727}.Debug|Any CPU.ActiveCfg = Debug|Any CPU
		{F63A2721-A11D-4E17-A825-83848C812727}.Debug|Any CPU.Build.0 = Debug|Any CPU
		{F63A2721-A11D-4E17-A825-83848C812727}.Release|Any CPU.ActiveCfg = Release|Any CPU
		{F63A2721-A11D-4E17-A825-83848C812727}.Release|Any CPU.Build.0 = Release|Any CPU
		{F953E910-A362-4414-A130-2B8D5F33B9F2}.Debug|Any CPU.ActiveCfg = Debug|Any CPU
		{F953E910-A362-4414-A130-2B8D5F33B9F2}.Debug|Any CPU.Build.0 = Debug|Any CPU
		{F953E910-A362-4414-A130-2B8D5F33B9F2}.Release|Any CPU.ActiveCfg = Release|Any CPU
		{F953E910-A362-4414-A130-2B8D5F33B9F2}.Release|Any CPU.Build.0 = Release|Any CPU
		{DF9D00DD-4598-4EF0-8C18-7925F5B405EF}.Debug|Any CPU.ActiveCfg = Debug|Any CPU
		{DF9D00DD-4598-4EF0-8C18-7925F5B405EF}.Debug|Any CPU.Build.0 = Debug|Any CPU
		{DF9D00DD-4598-4EF0-8C18-7925F5B405EF}.Release|Any CPU.ActiveCfg = Release|Any CPU
		{DF9D00DD-4598-4EF0-8C18-7925F5B405EF}.Release|Any CPU.Build.0 = Release|Any CPU
		{5ACD06AD-99B0-4296-B46C-A503A7D20B38}.Debug|Any CPU.ActiveCfg = Debug|Any CPU
		{5ACD06AD-99B0-4296-B46C-A503A7D20B38}.Debug|Any CPU.Build.0 = Debug|Any CPU
		{5ACD06AD-99B0-4296-B46C-A503A7D20B38}.Release|Any CPU.ActiveCfg = Release|Any CPU
		{5ACD06AD-99B0-4296-B46C-A503A7D20B38}.Release|Any CPU.Build.0 = Release|Any CPU
		{BC715178-5C5F-4023-90D0-734132D5BE1E}.Debug|Any CPU.ActiveCfg = Debug|Any CPU
		{BC715178-5C5F-4023-90D0-734132D5BE1E}.Debug|Any CPU.Build.0 = Debug|Any CPU
		{BC715178-5C5F-4023-90D0-734132D5BE1E}.Release|Any CPU.ActiveCfg = Release|Any CPU
		{BC715178-5C5F-4023-90D0-734132D5BE1E}.Release|Any CPU.Build.0 = Release|Any CPU
		{4B55EDB8-DC33-4F81-85CB-8FD6ECC7FFA5}.Debug|Any CPU.ActiveCfg = Debug|Any CPU
		{4B55EDB8-DC33-4F81-85CB-8FD6ECC7FFA5}.Debug|Any CPU.Build.0 = Debug|Any CPU
		{4B55EDB8-DC33-4F81-85CB-8FD6ECC7FFA5}.Release|Any CPU.ActiveCfg = Release|Any CPU
		{4B55EDB8-DC33-4F81-85CB-8FD6ECC7FFA5}.Release|Any CPU.Build.0 = Release|Any CPU
		{C4AFA8C1-AE62-440F-8535-E5C0C8A6098B}.Debug|Any CPU.ActiveCfg = Debug|Any CPU
		{C4AFA8C1-AE62-440F-8535-E5C0C8A6098B}.Debug|Any CPU.Build.0 = Debug|Any CPU
		{C4AFA8C1-AE62-440F-8535-E5C0C8A6098B}.Release|Any CPU.ActiveCfg = Release|Any CPU
		{C4AFA8C1-AE62-440F-8535-E5C0C8A6098B}.Release|Any CPU.Build.0 = Release|Any CPU
		{091572E3-209F-4DA6-BDE8-2D3F4B648E8F}.Debug|Any CPU.ActiveCfg = Debug|Any CPU
		{091572E3-209F-4DA6-BDE8-2D3F4B648E8F}.Debug|Any CPU.Build.0 = Debug|Any CPU
		{091572E3-209F-4DA6-BDE8-2D3F4B648E8F}.Release|Any CPU.ActiveCfg = Release|Any CPU
		{091572E3-209F-4DA6-BDE8-2D3F4B648E8F}.Release|Any CPU.Build.0 = Release|Any CPU
		{AAF8CE61-BCB8-4B4E-ABBA-16A672968243}.Debug|Any CPU.ActiveCfg = Debug|Any CPU
		{AAF8CE61-BCB8-4B4E-ABBA-16A672968243}.Debug|Any CPU.Build.0 = Debug|Any CPU
		{AAF8CE61-BCB8-4B4E-ABBA-16A672968243}.Release|Any CPU.ActiveCfg = Release|Any CPU
		{AAF8CE61-BCB8-4B4E-ABBA-16A672968243}.Release|Any CPU.Build.0 = Release|Any CPU
		{3EB31442-1F83-46E9-9723-2289F549C172}.Debug|Any CPU.ActiveCfg = Debug|Any CPU
		{3EB31442-1F83-46E9-9723-2289F549C172}.Debug|Any CPU.Build.0 = Debug|Any CPU
		{3EB31442-1F83-46E9-9723-2289F549C172}.Release|Any CPU.ActiveCfg = Release|Any CPU
		{3EB31442-1F83-46E9-9723-2289F549C172}.Release|Any CPU.Build.0 = Release|Any CPU
		{F72687E5-2856-40FB-B90E-407BB580DEC8}.Debug|Any CPU.ActiveCfg = Debug|Any CPU
		{F72687E5-2856-40FB-B90E-407BB580DEC8}.Debug|Any CPU.Build.0 = Debug|Any CPU
		{F72687E5-2856-40FB-B90E-407BB580DEC8}.Release|Any CPU.ActiveCfg = Release|Any CPU
		{F72687E5-2856-40FB-B90E-407BB580DEC8}.Release|Any CPU.Build.0 = Release|Any CPU
		{E80E007D-A597-4632-8CA4-5D90D20FAC99}.Debug|Any CPU.ActiveCfg = Debug|Any CPU
		{E80E007D-A597-4632-8CA4-5D90D20FAC99}.Debug|Any CPU.Build.0 = Debug|Any CPU
		{E80E007D-A597-4632-8CA4-5D90D20FAC99}.Release|Any CPU.ActiveCfg = Release|Any CPU
		{E80E007D-A597-4632-8CA4-5D90D20FAC99}.Release|Any CPU.Build.0 = Release|Any CPU
	EndGlobalSection
	GlobalSection(SolutionProperties) = preSolution
		HideSolutionNode = FALSE
	EndGlobalSection
	GlobalSection(NestedProjects) = preSolution
		{F953E910-A362-4414-A130-2B8D5F33B9F2} = {A4F8DA7E-F5EB-4384-BB0D-99F2ED4FB79A}
		{DF9D00DD-4598-4EF0-8C18-7925F5B405EF} = {CF8FF7F8-FBF9-4BCE-B157-28EE6E855C33}
		{4B55EDB8-DC33-4F81-85CB-8FD6ECC7FFA5} = {A4F8DA7E-F5EB-4384-BB0D-99F2ED4FB79A}
		{C4AFA8C1-AE62-440F-8535-E5C0C8A6098B} = {CF8FF7F8-FBF9-4BCE-B157-28EE6E855C33}
		{091572E3-209F-4DA6-BDE8-2D3F4B648E8F} = {A4F8DA7E-F5EB-4384-BB0D-99F2ED4FB79A}
		{AAF8CE61-BCB8-4B4E-ABBA-16A672968243} = {A4F8DA7E-F5EB-4384-BB0D-99F2ED4FB79A}
		{3EB31442-1F83-46E9-9723-2289F549C172} = {BA527DC2-5B0F-4502-BCA3-55EF9B17E0C9}
		{F72687E5-2856-40FB-B90E-407BB580DEC8} = {BA527DC2-5B0F-4502-BCA3-55EF9B17E0C9}
		{E80E007D-A597-4632-8CA4-5D90D20FAC99} = {BA527DC2-5B0F-4502-BCA3-55EF9B17E0C9}
	EndGlobalSection
	GlobalSection(ExtensibilityGlobals) = postSolution
		SolutionGuid = {A0BCF9DE-B1F3-48E5-AB19-4625D3CCCFBB}
	EndGlobalSection
EndGlobal
